
Microsoft Visual Studio Solution File, Format Version 12.00
# Visual Studio Version 16
VisualStudioVersion = 16.0.30621.155
MinimumVisualStudioVersion = 10.0.40219.1
Project("{FAE04EC0-301F-11D3-BF4B-00C04F79EFBC}") = "Invoice.Archiver.Server", "Invoice.Archiver\Server\Invoice.Archiver.Server.csproj", "{C9EFEBE8-5911-4A90-8863-15EC9A573D95}"
EndProject
Project("{FAE04EC0-301F-11D3-BF4B-00C04F79EFBC}") = "Invoice.Archiver.Client", "Invoice.Archiver\Client\Invoice.Archiver.Client.csproj", "{4BB1AC85-4E46-403F-8069-2A409BB06F62}"
EndProject
Project("{FAE04EC0-301F-11D3-BF4B-00C04F79EFBC}") = "Invoice.Archiver.Shared", "Invoice.Archiver\Shared\Invoice.Archiver.Shared.csproj", "{F70D13EF-3365-4052-B4D4-5956B6B437CC}"
EndProject
Global
	GlobalSection(SolutionConfigurationPlatforms) = preSolution
		Debug|Any CPU = Debug|Any CPU
		Release|Any CPU = Release|Any CPU
	EndGlobalSection
	GlobalSection(ProjectConfigurationPlatforms) = postSolution
		{C9EFEBE8-5911-4A90-8863-15EC9A573D95}.Debug|Any CPU.ActiveCfg = Debug|Any CPU
		{C9EFEBE8-5911-4A90-8863-15EC9A573D95}.Debug|Any CPU.Build.0 = Debug|Any CPU
		{C9EFEBE8-5911-4A90-8863-15EC9A573D95}.Release|Any CPU.ActiveCfg = Release|Any CPU
		{C9EFEBE8-5911-4A90-8863-15EC9A573D95}.Release|Any CPU.Build.0 = Release|Any CPU
		{4BB1AC85-4E46-403F-8069-2A409BB06F62}.Debug|Any CPU.ActiveCfg = Debug|Any CPU
		{4BB1AC85-4E46-403F-8069-2A409BB06F62}.Debug|Any CPU.Build.0 = Debug|Any CPU
		{4BB1AC85-4E46-403F-8069-2A409BB06F62}.Release|Any CPU.ActiveCfg = Release|Any CPU
		{4BB1AC85-4E46-403F-8069-2A409BB06F62}.Release|Any CPU.Build.0 = Release|Any CPU
		{F70D13EF-3365-4052-B4D4-5956B6B437CC}.Debug|Any CPU.ActiveCfg = Debug|Any CPU
		{F70D13EF-3365-4052-B4D4-5956B6B437CC}.Debug|Any CPU.Build.0 = Debug|Any CPU
		{F70D13EF-3365-4052-B4D4-5956B6B437CC}.Release|Any CPU.ActiveCfg = Release|Any CPU
		{F70D13EF-3365-4052-B4D4-5956B6B437CC}.Release|Any CPU.Build.0 = Release|Any CPU
	EndGlobalSection
	GlobalSection(SolutionProperties) = preSolution
		HideSolutionNode = FALSE
	EndGlobalSection
	GlobalSection(ExtensibilityGlobals) = postSolution
		SolutionGuid = {A4699EF6-ADB3-42AD-9419-D67B79BA9517}
	EndGlobalSection
EndGlobal
